// !$*UTF8*$!
{
	archiveVersion = 1;
	classes = {
	};
	objectVersion = 55;
	objects = {

/* Begin PBXBuildFile section */
		A2249AD628AF48AC000AA6D9 /* AppDelegate.swift in Sources */ = {isa = PBXBuildFile; fileRef = A2249AD528AF48AC000AA6D9 /* AppDelegate.swift */; };
		A2249AD828AF48AC000AA6D9 /* SceneDelegate.swift in Sources */ = {isa = PBXBuildFile; fileRef = A2249AD728AF48AC000AA6D9 /* SceneDelegate.swift */; };
		A2249ADA28AF48AC000AA6D9 /* LoginViewController.swift in Sources */ = {isa = PBXBuildFile; fileRef = A2249AD928AF48AC000AA6D9 /* LoginViewController.swift */; };
		A2249ADD28AF48AC000AA6D9 /* Main.storyboard in Resources */ = {isa = PBXBuildFile; fileRef = A2249ADB28AF48AC000AA6D9 /* Main.storyboard */; };
		A2249ADF28AF48AD000AA6D9 /* Assets.xcassets in Resources */ = {isa = PBXBuildFile; fileRef = A2249ADE28AF48AD000AA6D9 /* Assets.xcassets */; };
		A2249AE228AF48AD000AA6D9 /* LaunchScreen.storyboard in Resources */ = {isa = PBXBuildFile; fileRef = A2249AE028AF48AD000AA6D9 /* LaunchScreen.storyboard */; };
		A2249AEA28AF5A25000AA6D9 /* Person.swift in Sources */ = {isa = PBXBuildFile; fileRef = A2249AE928AF5A25000AA6D9 /* Person.swift */; };
		A2249AF028AF9601000AA6D9 /* WelcomeViewController.swift in Sources */ = {isa = PBXBuildFile; fileRef = A2249AEF28AF9600000AA6D9 /* WelcomeViewController.swift */; };
		A2249AF228AFCCDB000AA6D9 /* UserViewController.swift in Sources */ = {isa = PBXBuildFile; fileRef = A2249AF128AFCCDB000AA6D9 /* UserViewController.swift */; };
		A2249AF428AFCD1B000AA6D9 /* AdditionalInformationViewController.swift in Sources */ = {isa = PBXBuildFile; fileRef = A2249AF328AFCD1B000AA6D9 /* AdditionalInformationViewController.swift */; };
		A2249AF628B0ED54000AA6D9 /* Extension.swift in Sources */ = {isa = PBXBuildFile; fileRef = A2249AF528B0ED54000AA6D9 /* Extension.swift */; };
/* End PBXBuildFile section */

/* Begin PBXFileReference section */
		A2249AD228AF48AC000AA6D9 /* MyLoginApp.app */ = {isa = PBXFileReference; explicitFileType = wrapper.application; includeInIndex = 0; path = MyLoginApp.app; sourceTree = BUILT_PRODUCTS_DIR; };
		A2249AD528AF48AC000AA6D9 /* AppDelegate.swift */ = {isa = PBXFileReference; lastKnownFileType = sourcecode.swift; path = AppDelegate.swift; sourceTree = "<group>"; };
		A2249AD728AF48AC000AA6D9 /* SceneDelegate.swift */ = {isa = PBXFileReference; lastKnownFileType = sourcecode.swift; path = SceneDelegate.swift; sourceTree = "<group>"; };
		A2249AD928AF48AC000AA6D9 /* LoginViewController.swift */ = {isa = PBXFileReference; lastKnownFileType = sourcecode.swift; path = LoginViewController.swift; sourceTree = "<group>"; };
		A2249ADC28AF48AC000AA6D9 /* Base */ = {isa = PBXFileReference; lastKnownFileType = file.storyboard; name = Base; path = Base.lproj/Main.storyboard; sourceTree = "<group>"; };
		A2249ADE28AF48AD000AA6D9 /* Assets.xcassets */ = {isa = PBXFileReference; lastKnownFileType = folder.assetcatalog; path = Assets.xcassets; sourceTree = "<group>"; };
		A2249AE128AF48AD000AA6D9 /* Base */ = {isa = PBXFileReference; lastKnownFileType = file.storyboard; name = Base; path = Base.lproj/LaunchScreen.storyboard; sourceTree = "<group>"; };
		A2249AE328AF48AD000AA6D9 /* Info.plist */ = {isa = PBXFileReference; lastKnownFileType = text.plist.xml; path = Info.plist; sourceTree = "<group>"; };
		A2249AE928AF5A25000AA6D9 /* Person.swift */ = {isa = PBXFileReference; lastKnownFileType = sourcecode.swift; path = Person.swift; sourceTree = "<group>"; };
		A2249AEF28AF9600000AA6D9 /* WelcomeViewController.swift */ = {isa = PBXFileReference; lastKnownFileType = sourcecode.swift; path = WelcomeViewController.swift; sourceTree = "<group>"; };
		A2249AF128AFCCDB000AA6D9 /* UserViewController.swift */ = {isa = PBXFileReference; lastKnownFileType = sourcecode.swift; path = UserViewController.swift; sourceTree = "<group>"; };
		A2249AF328AFCD1B000AA6D9 /* AdditionalInformationViewController.swift */ = {isa = PBXFileReference; lastKnownFileType = sourcecode.swift; path = AdditionalInformationViewController.swift; sourceTree = "<group>"; };
		A2249AF528B0ED54000AA6D9 /* Extension.swift */ = {isa = PBXFileReference; lastKnownFileType = sourcecode.swift; path = Extension.swift; sourceTree = "<group>"; };
/* End PBXFileReference section */

/* Begin PBXFrameworksBuildPhase section */
		A2249ACF28AF48AC000AA6D9 /* Frameworks */ = {
			isa = PBXFrameworksBuildPhase;
			buildActionMask = 2147483647;
			files = (
			);
			runOnlyForDeploymentPostprocessing = 0;
		};
/* End PBXFrameworksBuildPhase section */

/* Begin PBXGroup section */
		A2249AC928AF48AC000AA6D9 = {
			isa = PBXGroup;
			children = (
				A2249AD428AF48AC000AA6D9 /* MyLoginApp */,
				A2249AD328AF48AC000AA6D9 /* Products */,
			);
			sourceTree = "<group>";
		};
		A2249AD328AF48AC000AA6D9 /* Products */ = {
			isa = PBXGroup;
			children = (
				A2249AD228AF48AC000AA6D9 /* MyLoginApp.app */,
			);
			name = Products;
			sourceTree = "<group>";
		};
		A2249AD428AF48AC000AA6D9 /* MyLoginApp */ = {
			isa = PBXGroup;
			children = (
				A2249AEB28AF5A2E000AA6D9 /* Model */,
				A2249AEC28AF5A57000AA6D9 /* SupportFiles */,
				A2249AEE28AF5A8E000AA6D9 /* Storyboards */,
				A2249AED28AF5A74000AA6D9 /* ViewControllers */,
				A2249AE328AF48AD000AA6D9 /* Info.plist */,
				A2249ADE28AF48AD000AA6D9 /* Assets.xcassets */,
				A27A414E28B12B130024F7B4 /* Extension */,
			);
			path = MyLoginApp;
			sourceTree = "<group>";
		};
		A2249AEB28AF5A2E000AA6D9 /* Model */ = {
			isa = PBXGroup;
			children = (
				A2249AE928AF5A25000AA6D9 /* Person.swift */,
			);
			path = Model;
			sourceTree = "<group>";
		};
		A2249AEC28AF5A57000AA6D9 /* SupportFiles */ = {
			isa = PBXGroup;
			children = (
				A2249AD528AF48AC000AA6D9 /* AppDelegate.swift */,
				A2249AD728AF48AC000AA6D9 /* SceneDelegate.swift */,
			);
			path = SupportFiles;
			sourceTree = "<group>";
		};
		A2249AED28AF5A74000AA6D9 /* ViewControllers */ = {
			isa = PBXGroup;
			children = (
				A2249AD928AF48AC000AA6D9 /* LoginViewController.swift */,
				A2249AEF28AF9600000AA6D9 /* WelcomeViewController.swift */,
				A2249AF128AFCCDB000AA6D9 /* UserViewController.swift */,
				A2249AF328AFCD1B000AA6D9 /* AdditionalInformationViewController.swift */,
			);
			path = ViewControllers;
			sourceTree = "<group>";
		};
		A2249AEE28AF5A8E000AA6D9 /* Storyboards */ = {
			isa = PBXGroup;
			children = (
				A2249ADB28AF48AC000AA6D9 /* Main.storyboard */,
				A2249AE028AF48AD000AA6D9 /* LaunchScreen.storyboard */,
			);
			path = Storyboards;
			sourceTree = "<group>";
		};
		A27A414E28B12B130024F7B4 /* Extension */ = {
			isa = PBXGroup;
			children = (
				A2249AF528B0ED54000AA6D9 /* Extension.swift */,
			);
			path = Extension;
			sourceTree = "<group>";
		};
/* End PBXGroup section */

/* Begin PBXNativeTarget section */
		A2249AD128AF48AC000AA6D9 /* MyLoginApp */ = {
			isa = PBXNativeTarget;
			buildConfigurationList = A2249AE628AF48AD000AA6D9 /* Build configuration list for PBXNativeTarget "MyLoginApp" */;
			buildPhases = (
				A2249ACE28AF48AC000AA6D9 /* Sources */,
				A2249ACF28AF48AC000AA6D9 /* Frameworks */,
				A2249AD028AF48AC000AA6D9 /* Resources */,
			);
			buildRules = (
			);
			dependencies = (
			);
			name = MyLoginApp;
			productName = MyLoginApp;
			productReference = A2249AD228AF48AC000AA6D9 /* MyLoginApp.app */;
			productType = "com.apple.product-type.application";
		};
/* End PBXNativeTarget section */

/* Begin PBXProject section */
		A2249ACA28AF48AC000AA6D9 /* Project object */ = {
			isa = PBXProject;
			attributes = {
				BuildIndependentTargetsInParallel = 1;
				LastSwiftUpdateCheck = 1340;
				LastUpgradeCheck = 1340;
				TargetAttributes = {
					A2249AD128AF48AC000AA6D9 = {
						CreatedOnToolsVersion = 13.4.1;
					};
				};
			};
			buildConfigurationList = A2249ACD28AF48AC000AA6D9 /* Build configuration list for PBXProject "MyLoginApp" */;
			compatibilityVersion = "Xcode 13.0";
			developmentRegion = en;
			hasScannedForEncodings = 0;
			knownRegions = (
				en,
				Base,
			);
			mainGroup = A2249AC928AF48AC000AA6D9;
			productRefGroup = A2249AD328AF48AC000AA6D9 /* Products */;
			projectDirPath = "";
			projectRoot = "";
			targets = (
				A2249AD128AF48AC000AA6D9 /* MyLoginApp */,
			);
		};
/* End PBXProject section */

/* Begin PBXResourcesBuildPhase section */
		A2249AD028AF48AC000AA6D9 /* Resources */ = {
			isa = PBXResourcesBuildPhase;
			buildActionMask = 2147483647;
			files = (
				A2249AE228AF48AD000AA6D9 /* LaunchScreen.storyboard in Resources */,
				A2249ADF28AF48AD000AA6D9 /* Assets.xcassets in Resources */,
				A2249ADD28AF48AC000AA6D9 /* Main.storyboard in Resources */,
			);
			runOnlyForDeploymentPostprocessing = 0;
		};
/* End PBXResourcesBuildPhase section */

/* Begin PBXSourcesBuildPhase section */
		A2249ACE28AF48AC000AA6D9 /* Sources */ = {
			isa = PBXSourcesBuildPhase;
			buildActionMask = 2147483647;
			files = (
				A2249ADA28AF48AC000AA6D9 /* LoginViewController.swift in Sources */,
				A2249AF228AFCCDB000AA6D9 /* UserViewController.swift in Sources */,
				A2249AF428AFCD1B000AA6D9 /* AdditionalInformationViewController.swift in Sources */,
				A2249AF028AF9601000AA6D9 /* WelcomeViewController.swift in Sources */,
				A2249AD628AF48AC000AA6D9 /* AppDelegate.swift in Sources */,
				A2249AF628B0ED54000AA6D9 /* Extension.swift in Sources */,
				A2249AEA28AF5A25000AA6D9 /* Person.swift in Sources */,
				A2249AD828AF48AC000AA6D9 /* SceneDelegate.swift in Sources */,
			);
			runOnlyForDeploymentPostprocessing = 0;
		};
/* End PBXSourcesBuildPhase section */

/* Begin PBXVariantGroup section */
		A2249ADB28AF48AC000AA6D9 /* Main.storyboard */ = {
			isa = PBXVariantGroup;
			children = (
				A2249ADC28AF48AC000AA6D9 /* Base */,
			);
			name = Main.storyboard;
			sourceTree = "<group>";
		};
		A2249AE028AF48AD000AA6D9 /* LaunchScreen.storyboard */ = {
			isa = PBXVariantGroup;
			children = (
				A2249AE128AF48AD000AA6D9 /* Base */,
			);
			name = LaunchScreen.storyboard;
			sourceTree = "<group>";
		};
/* End PBXVariantGroup section */

/* Begin XCBuildConfiguration section */
		A2249AE428AF48AD000AA6D9 /* Debug */ = {
			isa = XCBuildConfiguration;
			buildSettings = {
				ALWAYS_SEARCH_USER_PATHS = NO;
				CLANG_ANALYZER_NONNULL = YES;
				CLANG_ANALYZER_NUMBER_OBJECT_CONVERSION = YES_AGGRESSIVE;
				CLANG_CXX_LANGUAGE_STANDARD = "gnu++17";
				CLANG_ENABLE_MODULES = YES;
				CLANG_ENABLE_OBJC_ARC = YES;
				CLANG_ENABLE_OBJC_WEAK = YES;
				CLANG_WARN_BLOCK_CAPTURE_AUTORELEASING = YES;
				CLANG_WARN_BOOL_CONVERSION = YES;
				CLANG_WARN_COMMA = YES;
				CLANG_WARN_CONSTANT_CONVERSION = YES;
				CLANG_WARN_DEPRECATED_OBJC_IMPLEMENTATIONS = YES;
				CLANG_WARN_DIRECT_OBJC_ISA_USAGE = YES_ERROR;
				CLANG_WARN_DOCUMENTATION_COMMENTS = YES;
				CLANG_WARN_EMPTY_BODY = YES;
				CLANG_WARN_ENUM_CONVERSION = YES;
				CLANG_WARN_INFINITE_RECURSION = YES;
				CLANG_WARN_INT_CONVERSION = YES;
				CLANG_WARN_NON_LITERAL_NULL_CONVERSION = YES;
				CLANG_WARN_OBJC_IMPLICIT_RETAIN_SELF = YES;
				CLANG_WARN_OBJC_LITERAL_CONVERSION = YES;
				CLANG_WARN_OBJC_ROOT_CLASS = YES_ERROR;
				CLANG_WARN_QUOTED_INCLUDE_IN_FRAMEWORK_HEADER = YES;
				CLANG_WARN_RANGE_LOOP_ANALYSIS = YES;
				CLANG_WARN_STRICT_PROTOTYPES = YES;
				CLANG_WARN_SUSPICIOUS_MOVE = YES;
				CLANG_WARN_UNGUARDED_AVAILABILITY = YES_AGGRESSIVE;
				CLANG_WARN_UNREACHABLE_CODE = YES;
				CLANG_WARN__DUPLICATE_METHOD_MATCH = YES;
				COPY_PHASE_STRIP = NO;
				DEBUG_INFORMATION_FORMAT = dwarf;
				ENABLE_STRICT_OBJC_MSGSEND = YES;
				ENABLE_TESTABILITY = YES;
				GCC_C_LANGUAGE_STANDARD = gnu11;
				GCC_DYNAMIC_NO_PIC = NO;
				GCC_NO_COMMON_BLOCKS = YES;
				GCC_OPTIMIZATION_LEVEL = 0;
				GCC_PREPROCESSOR_DEFINITIONS = (
					"DEBUG=1",
					"$(inherited)",
				);
				GCC_WARN_64_TO_32_BIT_CONVERSION = YES;
				GCC_WARN_ABOUT_RETURN_TYPE = YES_ERROR;
				GCC_WARN_UNDECLARED_SELECTOR = YES;
				GCC_WARN_UNINITIALIZED_AUTOS = YES_AGGRESSIVE;
				GCC_WARN_UNUSED_FUNCTION = YES;
				GCC_WARN_UNUSED_VARIABLE = YES;
				IPHONEOS_DEPLOYMENT_TARGET = 15.5;
				MTL_ENABLE_DEBUG_INFO = INCLUDE_SOURCE;
				MTL_FAST_MATH = YES;
				ONLY_ACTIVE_ARCH = YES;
				SDKROOT = iphoneos;
				SWIFT_ACTIVE_COMPILATION_CONDITIONS = DEBUG;
				SWIFT_OPTIMIZATION_LEVEL = "-Onone";
			};
			name = Debug;
		};
		A2249AE528AF48AD000AA6D9 /* Release */ = {
			isa = XCBuildConfiguration;
			buildSettings = {
				ALWAYS_SEARCH_USER_PATHS = NO;
				CLANG_ANALYZER_NONNULL = YES;
				CLANG_ANALYZER_NUMBER_OBJECT_CONVERSION = YES_AGGRESSIVE;
				CLANG_CXX_LANGUAGE_STANDARD = "gnu++17";
				CLANG_ENABLE_MODULES = YES;
				CLANG_ENABLE_OBJC_ARC = YES;
				CLANG_ENABLE_OBJC_WEAK = YES;
				CLANG_WARN_BLOCK_CAPTURE_AUTORELEASING = YES;
				CLANG_WARN_BOOL_CONVERSION = YES;
				CLANG_WARN_COMMA = YES;
				CLANG_WARN_CONSTANT_CONVERSION = YES;
				CLANG_WARN_DEPRECATED_OBJC_IMPLEMENTATIONS = YES;
				CLANG_WARN_DIRECT_OBJC_ISA_USAGE = YES_ERROR;
				CLANG_WARN_DOCUMENTATION_COMMENTS = YES;
				CLANG_WARN_EMPTY_BODY = YES;
				CLANG_WARN_ENUM_CONVERSION = YES;
				CLANG_WARN_INFINITE_RECURSION = YES;
				CLANG_WARN_INT_CONVERSION = YES;
				CLANG_WARN_NON_LITERAL_NULL_CONVERSION = YES;
				CLANG_WARN_OBJC_IMPLICIT_RETAIN_SELF = YES;
				CLANG_WARN_OBJC_LITERAL_CONVERSION = YES;
				CLANG_WARN_OBJC_ROOT_CLASS = YES_ERROR;
				CLANG_WARN_QUOTED_INCLUDE_IN_FRAMEWORK_HEADER = YES;
				CLANG_WARN_RANGE_LOOP_ANALYSIS = YES;
				CLANG_WARN_STRICT_PROTOTYPES = YES;
				CLANG_WARN_SUSPICIOUS_MOVE = YES;
				CLANG_WARN_UNGUARDED_AVAILABILITY = YES_AGGRESSIVE;
				CLANG_WARN_UNREACHABLE_CODE = YES;
				CLANG_WARN__DUPLICATE_METHOD_MATCH = YES;
				COPY_PHASE_STRIP = NO;
				DEBUG_INFORMATION_FORMAT = "dwarf-with-dsym";
				ENABLE_NS_ASSERTIONS = NO;
				ENABLE_STRICT_OBJC_MSGSEND = YES;
				GCC_C_LANGUAGE_STANDARD = gnu11;
				GCC_NO_COMMON_BLOCKS = YES;
				GCC_WARN_64_TO_32_BIT_CONVERSION = YES;
				GCC_WARN_ABOUT_RETURN_TYPE = YES_ERROR;
				GCC_WARN_UNDECLARED_SELECTOR = YES;
				GCC_WARN_UNINITIALIZED_AUTOS = YES_AGGRESSIVE;
				GCC_WARN_UNUSED_FUNCTION = YES;
				GCC_WARN_UNUSED_VARIABLE = YES;
				IPHONEOS_DEPLOYMENT_TARGET = 15.5;
				MTL_ENABLE_DEBUG_INFO = NO;
				MTL_FAST_MATH = YES;
				SDKROOT = iphoneos;
				SWIFT_COMPILATION_MODE = wholemodule;
				SWIFT_OPTIMIZATION_LEVEL = "-O";
				VALIDATE_PRODUCT = YES;
			};
			name = Release;
		};
		A2249AE728AF48AD000AA6D9 /* Debug */ = {
			isa = XCBuildConfiguration;
			buildSettings = {
				ASSETCATALOG_COMPILER_APPICON_NAME = AppIcon;
				ASSETCATALOG_COMPILER_GLOBAL_ACCENT_COLOR_NAME = AccentColor;
				CODE_SIGN_STYLE = Automatic;
				CURRENT_PROJECT_VERSION = 1;
				DEVELOPMENT_TEAM = YG4RG79V23;
				GENERATE_INFOPLIST_FILE = YES;
				INFOPLIST_FILE = MyLoginApp/Info.plist;
				INFOPLIST_KEY_UIApplicationSupportsIndirectInputEvents = YES;
				INFOPLIST_KEY_UILaunchStoryboardName = LaunchScreen;
				INFOPLIST_KEY_UIMainStoryboardFile = Main;
				INFOPLIST_KEY_UISupportedInterfaceOrientations_iPad = "UIInterfaceOrientationPortrait UIInterfaceOrientationPortraitUpsideDown UIInterfaceOrientationLandscapeLeft UIInterfaceOrientationLandscapeRight";
				INFOPLIST_KEY_UISupportedInterfaceOrientations_iPhone = "UIInterfaceOrientationPortrait UIInterfaceOrientationLandscapeLeft UIInterfaceOrientationLandscapeRight";
				LD_RUNPATH_SEARCH_PATHS = (
					"$(inherited)",
					"@executable_path/Frameworks",
				);
				MARKETING_VERSION = 1.0;
				PRODUCT_BUNDLE_IDENTIFIER = ru.Swiftbook.MyLoginApp;
				PRODUCT_NAME = "$(TARGET_NAME)";
				SWIFT_EMIT_LOC_STRINGS = YES;
				SWIFT_VERSION = 5.0;
				TARGETED_DEVICE_FAMILY = "1,2";
			};
			name = Debug;
		};
		A2249AE828AF48AD000AA6D9 /* Release */ = {
			isa = XCBuildConfiguration;
			buildSettings = {
				ASSETCATALOG_COMPILER_APPICON_NAME = AppIcon;
				ASSETCATALOG_COMPILER_GLOBAL_ACCENT_COLOR_NAME = AccentColor;
				CODE_SIGN_STYLE = Automatic;
				CURRENT_PROJECT_VERSION = 1;
				DEVELOPMENT_TEAM = YG4RG79V23;
				GENERATE_INFOPLIST_FILE = YES;
				INFOPLIST_FILE = MyLoginApp/Info.plist;
				INFOPLIST_KEY_UIApplicationSupportsIndirectInputEvents = YES;
				INFOPLIST_KEY_UILaunchStoryboardName = LaunchScreen;
				INFOPLIST_KEY_UIMainStoryboardFile = Main;
				INFOPLIST_KEY_UISupportedInterfaceOrientations_iPad = "UIInterfaceOrientationPortrait UIInterfaceOrientationPortraitUpsideDown UIInterfaceOrientationLandscapeLeft UIInterfaceOrientationLandscapeRight";
				INFOPLIST_KEY_UISupportedInterfaceOrientations_iPhone = "UIInterfaceOrientationPortrait UIInterfaceOrientationLandscapeLeft UIInterfaceOrientationLandscapeRight";
				LD_RUNPATH_SEARCH_PATHS = (
					"$(inherited)",
					"@executable_path/Frameworks",
				);
				MARKETING_VERSION = 1.0;
				PRODUCT_BUNDLE_IDENTIFIER = ru.Swiftbook.MyLoginApp;
				PRODUCT_NAME = "$(TARGET_NAME)";
				SWIFT_EMIT_LOC_STRINGS = YES;
				SWIFT_VERSION = 5.0;
				TARGETED_DEVICE_FAMILY = "1,2";
			};
			name = Release;
		};
/* End XCBuildConfiguration section */

/* Begin XCConfigurationList section */
		A2249ACD28AF48AC000AA6D9 /* Build configuration list for PBXProject "MyLoginApp" */ = {
			isa = XCConfigurationList;
			buildConfigurations = (
				A2249AE428AF48AD000AA6D9 /* Debug */,
				A2249AE528AF48AD000AA6D9 /* Release */,
			);
			defaultConfigurationIsVisible = 0;
			defaultConfigurationName = Release;
		};
		A2249AE628AF48AD000AA6D9 /* Build configuration list for PBXNativeTarget "MyLoginApp" */ = {
			isa = XCConfigurationList;
			buildConfigurations = (
				A2249AE728AF48AD000AA6D9 /* Debug */,
				A2249AE828AF48AD000AA6D9 /* Release */,
			);
			defaultConfigurationIsVisible = 0;
			defaultConfigurationName = Release;
		};
/* End XCConfigurationList section */
	};
	rootObject = A2249ACA28AF48AC000AA6D9 /* Project object */;
}
